
Microsoft Visual Studio Solution File, Format Version 10.00
# Visual Studio 2008
Project("{8BC9CEB8-8B4A-11D0-8D11-00A0C91BC942}") = "ChanTblViewer", "ChanTblViewer\ChanTblViewer.vcproj", "{08EA97DE-85A7-4FBD-B89B-39AA56AC0AD4}"
EndProject
Project("{8BC9CEB8-8B4A-11D0-8D11-00A0C91BC942}") = "QCPRmo", "QCPRmo\QCPRmo.vcproj", "{1A171F0B-E43F-43D5-80DA-26E2FA0B0B8D}"
	ProjectSection(ProjectDependencies) = postProject
		{E22EA372-490C-41E9-88C0-C5DAF2C3DBA9} = {E22EA372-490C-41E9-88C0-C5DAF2C3DBA9}
		{E18D0AC3-A09D-4546-A49E-B6E02803FFFE} = {E18D0AC3-A09D-4546-A49E-B6E02803FFFE}
	EndProjectSection
EndProject
Project("{8BC9CEB8-8B4A-11D0-8D11-00A0C91BC942}") = "QRmoConnection", "QRmoConnectionLib\QRmoConnectionLib.vcproj", "{0AD44142-BC6A-4127-9348-1BBFD1D3D76D}"
EndProject
Project("{8BC9CEB8-8B4A-11D0-8D11-00A0C91BC942}") = "SpeedDialog", "SpeedDialog\SpeedDialog.vcproj", "{E9E40C87-07F2-4354-B704-861E0E016B36}"
	ProjectSection(ProjectDependencies) = postProject
		{0AD44142-BC6A-4127-9348-1BBFD1D3D76D} = {0AD44142-BC6A-4127-9348-1BBFD1D3D76D}
		{4117D878-EE77-46E0-A8EC-20D622D8B380} = {4117D878-EE77-46E0-A8EC-20D622D8B380}
		{E18D0AC3-A09D-4546-A49E-B6E02803FFFE} = {E18D0AC3-A09D-4546-A49E-B6E02803FFFE}
	EndProjectSection
EndProject
Project("{8BC9CEB8-8B4A-11D0-8D11-00A0C91BC942}") = "QLocalControlQMLWidget", "QLocalControlQMLWidgetLib\QLocalControlQMLWidgetLib.vcproj", "{B02598BE-6A1B-40A8-B3F4-A0ABFC3CB6E4}"
	ProjectSection(ProjectDependencies) = postProject
		{4117D878-EE77-46E0-A8EC-20D622D8B380} = {4117D878-EE77-46E0-A8EC-20D622D8B380}
		{E18D0AC3-A09D-4546-A49E-B6E02803FFFE} = {E18D0AC3-A09D-4546-A49E-B6E02803FFFE}
	EndProjectSection
EndProject
Project("{8BC9CEB8-8B4A-11D0-8D11-00A0C91BC942}") = "QRmoWidgetPlugin", "QRmoWidgetPlugin\QRmoWidgetPlugin.vcproj", "{E22EA372-490C-41E9-88C0-C5DAF2C3DBA9}"
	ProjectSection(ProjectDependencies) = postProject
		{0AD44142-BC6A-4127-9348-1BBFD1D3D76D} = {0AD44142-BC6A-4127-9348-1BBFD1D3D76D}
		{4117D878-EE77-46E0-A8EC-20D622D8B380} = {4117D878-EE77-46E0-A8EC-20D622D8B380}
		{95BB757A-6BD7-4B64-92E2-EAC80CFE14D0} = {95BB757A-6BD7-4B64-92E2-EAC80CFE14D0}
		{B02598BE-6A1B-40A8-B3F4-A0ABFC3CB6E4} = {B02598BE-6A1B-40A8-B3F4-A0ABFC3CB6E4}
		{E18D0AC3-A09D-4546-A49E-B6E02803FFFE} = {E18D0AC3-A09D-4546-A49E-B6E02803FFFE}
		{B99A2CDC-873D-4322-BB0B-83F8C0029C0F} = {B99A2CDC-873D-4322-BB0B-83F8C0029C0F}
	EndProjectSection
EndProject
Project("{8BC9CEB8-8B4A-11D0-8D11-00A0C91BC942}") = "QFIndicatorWidget", "QFIndicatorWidgetLib\QFindicatorWidgetLib.vcproj", "{B99A2CDC-873D-4322-BB0B-83F8C0029C0F}"
	ProjectSection(ProjectDependencies) = postProject
		{4117D878-EE77-46E0-A8EC-20D622D8B380} = {4117D878-EE77-46E0-A8EC-20D622D8B380}
		{E18D0AC3-A09D-4546-A49E-B6E02803FFFE} = {E18D0AC3-A09D-4546-A49E-B6E02803FFFE}
	EndProjectSection
EndProject
Project("{8BC9CEB8-8B4A-11D0-8D11-00A0C91BC942}") = "QConsoleWidget", "QConsoleWidgetLib\QConsoleWidgetLib.vcproj", "{95BB757A-6BD7-4B64-92E2-EAC80CFE14D0}"
	ProjectSection(ProjectDependencies) = postProject
		{4117D878-EE77-46E0-A8EC-20D622D8B380} = {4117D878-EE77-46E0-A8EC-20D622D8B380}
		{E18D0AC3-A09D-4546-A49E-B6E02803FFFE} = {E18D0AC3-A09D-4546-A49E-B6E02803FFFE}
	EndProjectSection
EndProject
Project("{8BC9CEB8-8B4A-11D0-8D11-00A0C91BC942}") = "RmoException", "RmoExceptionLib\RmoExceptionLib.vcproj", "{4117D878-EE77-46E0-A8EC-20D622D8B380}"
EndProject
Project("{8BC9CEB8-8B4A-11D0-8D11-00A0C91BC942}") = "QExceptionDialog", "QExceptionDialogLib\QExceptionDialogLib.vcproj", "{E18D0AC3-A09D-4546-A49E-B6E02803FFFE}"
EndProject
Global
	GlobalSection(SolutionConfigurationPlatforms) = preSolution
		Debug|Win32 = Debug|Win32
		Release|Win32 = Release|Win32
	EndGlobalSection
	GlobalSection(ProjectConfigurationPlatforms) = postSolution
		{08EA97DE-85A7-4FBD-B89B-39AA56AC0AD4}.Debug|Win32.ActiveCfg = Debug|Win32
		{08EA97DE-85A7-4FBD-B89B-39AA56AC0AD4}.Debug|Win32.Build.0 = Debug|Win32
		{08EA97DE-85A7-4FBD-B89B-39AA56AC0AD4}.Release|Win32.ActiveCfg = Release|Win32
		{08EA97DE-85A7-4FBD-B89B-39AA56AC0AD4}.Release|Win32.Build.0 = Release|Win32
		{1A171F0B-E43F-43D5-80DA-26E2FA0B0B8D}.Debug|Win32.ActiveCfg = Debug|Win32
		{1A171F0B-E43F-43D5-80DA-26E2FA0B0B8D}.Debug|Win32.Build.0 = Debug|Win32
		{1A171F0B-E43F-43D5-80DA-26E2FA0B0B8D}.Release|Win32.ActiveCfg = Release|Win32
		{1A171F0B-E43F-43D5-80DA-26E2FA0B0B8D}.Release|Win32.Build.0 = Release|Win32
		{0AD44142-BC6A-4127-9348-1BBFD1D3D76D}.Debug|Win32.ActiveCfg = Debug|Win32
		{0AD44142-BC6A-4127-9348-1BBFD1D3D76D}.Debug|Win32.Build.0 = Debug|Win32
		{0AD44142-BC6A-4127-9348-1BBFD1D3D76D}.Release|Win32.ActiveCfg = Release|Win32
		{0AD44142-BC6A-4127-9348-1BBFD1D3D76D}.Release|Win32.Build.0 = Release|Win32
		{E9E40C87-07F2-4354-B704-861E0E016B36}.Debug|Win32.ActiveCfg = Debug|Win32
		{E9E40C87-07F2-4354-B704-861E0E016B36}.Debug|Win32.Build.0 = Debug|Win32
		{E9E40C87-07F2-4354-B704-861E0E016B36}.Release|Win32.ActiveCfg = Release|Win32
		{E9E40C87-07F2-4354-B704-861E0E016B36}.Release|Win32.Build.0 = Release|Win32
		{B02598BE-6A1B-40A8-B3F4-A0ABFC3CB6E4}.Debug|Win32.ActiveCfg = Debug|Win32
		{B02598BE-6A1B-40A8-B3F4-A0ABFC3CB6E4}.Debug|Win32.Build.0 = Debug|Win32
		{B02598BE-6A1B-40A8-B3F4-A0ABFC3CB6E4}.Release|Win32.ActiveCfg = Release|Win32
		{B02598BE-6A1B-40A8-B3F4-A0ABFC3CB6E4}.Release|Win32.Build.0 = Release|Win32
		{E22EA372-490C-41E9-88C0-C5DAF2C3DBA9}.Debug|Win32.ActiveCfg = Release|Win32
		{E22EA372-490C-41E9-88C0-C5DAF2C3DBA9}.Debug|Win32.Build.0 = Release|Win32
		{E22EA372-490C-41E9-88C0-C5DAF2C3DBA9}.Release|Win32.ActiveCfg = Release|Win32
		{E22EA372-490C-41E9-88C0-C5DAF2C3DBA9}.Release|Win32.Build.0 = Release|Win32
		{B99A2CDC-873D-4322-BB0B-83F8C0029C0F}.Debug|Win32.ActiveCfg = Debug|Win32
		{B99A2CDC-873D-4322-BB0B-83F8C0029C0F}.Debug|Win32.Build.0 = Debug|Win32
		{B99A2CDC-873D-4322-BB0B-83F8C0029C0F}.Release|Win32.ActiveCfg = Release|Win32
		{B99A2CDC-873D-4322-BB0B-83F8C0029C0F}.Release|Win32.Build.0 = Release|Win32
		{95BB757A-6BD7-4B64-92E2-EAC80CFE14D0}.Debug|Win32.ActiveCfg = Debug|Win32
		{95BB757A-6BD7-4B64-92E2-EAC80CFE14D0}.Debug|Win32.Build.0 = Debug|Win32
		{95BB757A-6BD7-4B64-92E2-EAC80CFE14D0}.Release|Win32.ActiveCfg = Release|Win32
		{95BB757A-6BD7-4B64-92E2-EAC80CFE14D0}.Release|Win32.Build.0 = Release|Win32
		{4117D878-EE77-46E0-A8EC-20D622D8B380}.Debug|Win32.ActiveCfg = Debug|Win32
		{4117D878-EE77-46E0-A8EC-20D622D8B380}.Debug|Win32.Build.0 = Debug|Win32
		{4117D878-EE77-46E0-A8EC-20D622D8B380}.Release|Win32.ActiveCfg = Release|Win32
		{4117D878-EE77-46E0-A8EC-20D622D8B380}.Release|Win32.Build.0 = Release|Win32
		{E18D0AC3-A09D-4546-A49E-B6E02803FFFE}.Debug|Win32.ActiveCfg = Debug|Win32
		{E18D0AC3-A09D-4546-A49E-B6E02803FFFE}.Debug|Win32.Build.0 = Debug|Win32
		{E18D0AC3-A09D-4546-A49E-B6E02803FFFE}.Release|Win32.ActiveCfg = Release|Win32
		{E18D0AC3-A09D-4546-A49E-B6E02803FFFE}.Release|Win32.Build.0 = Release|Win32
	EndGlobalSection
	GlobalSection(SolutionProperties) = preSolution
		HideSolutionNode = FALSE
	EndGlobalSection
EndGlobal
